
Microsoft Visual Studio Solution File, Format Version 12.00
# Visual Studio 15
VisualStudioVersion = 15.0.26730.16
MinimumVisualStudioVersion = 10.0.40219.1
Project("{9A19103F-16F7-4668-BE54-9A1E7A4F7556}") = "ProjetoEDP", "ProjetoEDP\ProjetoEDP.csproj", "{6B052A34-DD19-41D1-8BA3-A033991EA38B}"
EndProject
Project("{2150E333-8FDC-42A3-9474-1A3956D46DE8}") = "ApiLayer", "ApiLayer", "{2ED6AA4B-D0BE-43BB-B79B-FDA52F126A85}"
EndProject
Project("{FAE04EC0-301F-11D3-BF4B-00C04F79EFBC}") = "EDP.Api.Core", "EDP.Api.Core\EDP.Api.Core.csproj", "{47958005-5B31-444B-8C67-26A8A037A23B}"
EndProject
Project("{FAE04EC0-301F-11D3-BF4B-00C04F79EFBC}") = "Edp.Api.Command", "Edp.Api.Command\Edp.Api.Command.csproj", "{61E87A70-7641-4CCE-8870-4766795B8D26}"
EndProject
Project("{FAE04EC0-301F-11D3-BF4B-00C04F79EFBC}") = "Edp.Api.Database", "Edp.Api.Database\Edp.Api.Database.csproj", "{A6FB76C3-7D4D-4D5F-B4A4-E22BB15FDD5E}"
EndProject
Global
	GlobalSection(SolutionConfigurationPlatforms) = preSolution
		Debug|Any CPU = Debug|Any CPU
		Release|Any CPU = Release|Any CPU
	EndGlobalSection
	GlobalSection(ProjectConfigurationPlatforms) = postSolution
		{6B052A34-DD19-41D1-8BA3-A033991EA38B}.Debug|Any CPU.ActiveCfg = Debug|Any CPU
		{6B052A34-DD19-41D1-8BA3-A033991EA38B}.Debug|Any CPU.Build.0 = Debug|Any CPU
		{6B052A34-DD19-41D1-8BA3-A033991EA38B}.Release|Any CPU.ActiveCfg = Release|Any CPU
		{6B052A34-DD19-41D1-8BA3-A033991EA38B}.Release|Any CPU.Build.0 = Release|Any CPU
		{47958005-5B31-444B-8C67-26A8A037A23B}.Debug|Any CPU.ActiveCfg = Debug|Any CPU
		{47958005-5B31-444B-8C67-26A8A037A23B}.Debug|Any CPU.Build.0 = Debug|Any CPU
		{47958005-5B31-444B-8C67-26A8A037A23B}.Release|Any CPU.ActiveCfg = Release|Any CPU
		{47958005-5B31-444B-8C67-26A8A037A23B}.Release|Any CPU.Build.0 = Release|Any CPU
		{61E87A70-7641-4CCE-8870-4766795B8D26}.Debug|Any CPU.ActiveCfg = Debug|Any CPU
		{61E87A70-7641-4CCE-8870-4766795B8D26}.Debug|Any CPU.Build.0 = Debug|Any CPU
		{61E87A70-7641-4CCE-8870-4766795B8D26}.Release|Any CPU.ActiveCfg = Release|Any CPU
		{61E87A70-7641-4CCE-8870-4766795B8D26}.Release|Any CPU.Build.0 = Release|Any CPU
		{A6FB76C3-7D4D-4D5F-B4A4-E22BB15FDD5E}.Debug|Any CPU.ActiveCfg = Debug|Any CPU
		{A6FB76C3-7D4D-4D5F-B4A4-E22BB15FDD5E}.Debug|Any CPU.Build.0 = Debug|Any CPU
		{A6FB76C3-7D4D-4D5F-B4A4-E22BB15FDD5E}.Release|Any CPU.ActiveCfg = Release|Any CPU
		{A6FB76C3-7D4D-4D5F-B4A4-E22BB15FDD5E}.Release|Any CPU.Build.0 = Release|Any CPU
	EndGlobalSection
	GlobalSection(SolutionProperties) = preSolution
		HideSolutionNode = FALSE
	EndGlobalSection
	GlobalSection(NestedProjects) = preSolution
		{6B052A34-DD19-41D1-8BA3-A033991EA38B} = {2ED6AA4B-D0BE-43BB-B79B-FDA52F126A85}
		{47958005-5B31-444B-8C67-26A8A037A23B} = {2ED6AA4B-D0BE-43BB-B79B-FDA52F126A85}
	EndGlobalSection
	GlobalSection(ExtensibilityGlobals) = postSolution
		SolutionGuid = {906026F0-3BEB-4D63-B256-466116B77C22}
	EndGlobalSection
EndGlobal
